# THIS IS AN AUTOGENERATED FILE. DO NOT EDIT THIS FILE DIRECTLY.
# yarn lockfile v1


"@cycle/dom@^22.7.0":
  version "22.7.0"
  resolved "https://registry.yarnpkg.com/@cycle/dom/-/dom-22.7.0.tgz#91b97fdc90129f3a2a73d908adb101c2a5abbf94"
  integrity sha512-QR6R7lqRTRFdbSVSptPIXLtbJS1DOmSjibwaazrRbLmty9nhtdZDsuzFk6np/R2m8ScfkWSLPPMjVwy0gImSwg==
  dependencies:
    "@cycle/run" "^5.2.0"
    snabbdom "^0.7.4"
    snabbdom-selector "^4.2.0"
    xstream "11.x"

"@cycle/run@^5.2.0":
  version "5.4.0"
  resolved "https://registry.yarnpkg.com/@cycle/run/-/run-5.4.0.tgz#d4bdeb9eb7f40ec14c924b96bbfae0fe08f5d710"
  integrity sha512-IAFwavuZGZP39XjxL7eQyQ9e6xZUMUjvlhFd3lZoyJPavHBbW8GPiCy5SJ3NCxM6trbgQQ8agu7sr72J83clBA==
  dependencies:
    quicktask "1.1.0"
    xstream "10.x || 11.x"

quicktask@1.1.0:
  version "1.1.0"
  resolved "https://registry.yarnpkg.com/quicktask/-/quicktask-1.1.0.tgz#70795fd5922fb122100e662118c73a06aadd7352"
  integrity sha512-b3w19IEXnt5auacLAbePVsqPyVQUwmuhJQrrWnVhm4pP8PAMg2U9vFHbAD9XYXXbMDjdLJs0x5NLqwTV8uFK4g==

snabbdom-selector@^4.2.0:
  version "4.2.0"
  resolved "https://registry.yarnpkg.com/snabbdom-selector/-/snabbdom-selector-4.2.0.tgz#f5a2719eecfbebf5da18a6bf96f0d9008b4d66c3"
  integrity sha512-hNIg1xDMxssUeMC/4r3OGxXhm8pbyJ0KIG0pXrA3J5ZQK+FkPa+WA9DYw4ROMLq5/LrfurMNMvy3IMm+0CzcnA==
  dependencies:
    tree-selector "^2.1.0"

snabbdom@^0.7.4:
  version "0.7.4"
  resolved "https://registry.yarnpkg.com/snabbdom/-/snabbdom-0.7.4.tgz#817f07e8d3fb870960c3763b8da56f1ba982d31a"
  integrity sha512-nnN+7uZ2NTIiu7EPMNwSDhmrYXqwlfCP/j72RdzvDPujXyvQxOW7Jl9yuLayzxMHDNWQR7FM6Pcn4wnDpKRe6Q==

symbol-observable@1.2.0:
  version "1.2.0"
  resolved "https://registry.yarnpkg.com/symbol-observable/-/symbol-observable-1.2.0.tgz#c22688aed4eab3cdc2dfeacbb561660560a00804"
  integrity sha512-e900nM8RRtGhlV36KGEU9k65K3mPb1WV70OdjfxlG2EAuM1noi/E/BaW/uMhL7bPEssK8QV57vN3esixjUvcXQ==

tree-selector@^2.1.0:
  version "2.1.1"
  resolved "https://registry.yarnpkg.com/tree-selector/-/tree-selector-2.1.1.tgz#644af6c3aa361aabdd8ae545b58f82155884fc17"
  integrity sha512-NVFYU6YzyUHSMS7+qbhdHlBHG5P9IPjycQa+8MnIBDpq/UWEkMD+lAL/56x7Fty+mAq9SWgtg9D4flZfuOZdDg==

typescript@^3.9.6:
  version "3.9.6"
  resolved "https://registry.yarnpkg.com/typescript/-/typescript-3.9.6.tgz#8f3e0198a34c3ae17091b35571d3afd31999365a"
  integrity sha512-Pspx3oKAPJtjNwE92YS05HQoY7z2SFyOpHo9MqJor3BXAGNaPUs83CuVp9VISFkSjyRfiTpmKuAYGJB7S7hOxw==

"xstream@10.x || 11.x", xstream@11.x:
  version "11.12.0"
  resolved "https://registry.yarnpkg.com/xstream/-/xstream-11.12.0.tgz#a85fded069cc8ac3aedc9538e5d94ab6d0ce845a"
  integrity sha512-rceZqhyRPJdmDNh8hyFEnOacNrL4pTVkNZzoLvFqOVaIZHbM3bS15ycqI5V9eJXCRMfgEapwzcNzPjkIRUkv2Q==
  dependencies:
    symbol-observable "1.2.0"
